// !$*UTF8*$!
{
	archiveVersion = 1;
	classes = {
	};
	objectVersion = 56;
	objects = {

/* Begin PBXBuildFile section */
		490D3A7F2A4C3982007AF5F1 /* Model.m in Sources */ = {isa = PBXBuildFile; fileRef = 490D3A7E2A4C3982007AF5F1 /* Model.m */; };
		490D3A822A4C3F17007AF5F1 /* Configuration.m in Sources */ = {isa = PBXBuildFile; fileRef = 490D3A812A4C3F17007AF5F1 /* Configuration.m */; };
		490E49C22A53C7550003FB87 /* SLMoviesCollectionViewCell.m in Sources */ = {isa = PBXBuildFile; fileRef = 490E49C02A53C7550003FB87 /* SLMoviesCollectionViewCell.m */; };
		490E49C32A53C7550003FB87 /* SLMoviesCollectionViewCell.xib in Resources */ = {isa = PBXBuildFile; fileRef = 490E49C12A53C7550003FB87 /* SLMoviesCollectionViewCell.xib */; };
		490E49C82A5403030003FB87 /* SLDetailMoviesViewController.m in Sources */ = {isa = PBXBuildFile; fileRef = 490E49C62A5403030003FB87 /* SLDetailMoviesViewController.m */; };
		490E49C92A5403030003FB87 /* SLDetailMoviesViewController.xib in Resources */ = {isa = PBXBuildFile; fileRef = 490E49C72A5403030003FB87 /* SLDetailMoviesViewController.xib */; };
		490E49CD2A5415440003FB87 /* Result.m in Sources */ = {isa = PBXBuildFile; fileRef = 490E49CC2A5415440003FB87 /* Result.m */; };
		490E49D12A565D3E0003FB87 /* CastAndCrew.m in Sources */ = {isa = PBXBuildFile; fileRef = 490E49D02A565D3E0003FB87 /* CastAndCrew.m */; };
		490E49D82A565DE00003FB87 /* Cast.m in Sources */ = {isa = PBXBuildFile; fileRef = 490E49D72A565DE00003FB87 /* Cast.m */; };
		490E49DB2A565DF10003FB87 /* Crew.m in Sources */ = {isa = PBXBuildFile; fileRef = 490E49DA2A565DF10003FB87 /* Crew.m */; };
		490E49E02A5663DF0003FB87 /* SLCastAndCrewCollectionViewCell.m in Sources */ = {isa = PBXBuildFile; fileRef = 490E49DE2A5663DF0003FB87 /* SLCastAndCrewCollectionViewCell.m */; };
		490E49E12A5663DF0003FB87 /* SLCastAndCrewCollectionViewCell.xib in Resources */ = {isa = PBXBuildFile; fileRef = 490E49DF2A5663DF0003FB87 /* SLCastAndCrewCollectionViewCell.xib */; };
		491FC0D82A5FEA5A00832B77 /* CoreDataManager.m in Sources */ = {isa = PBXBuildFile; fileRef = 491FC0D72A5FEA5A00832B77 /* CoreDataManager.m */; };
		49274E4E2A70FFD100396C98 /* SLRemindersCollectionViewCell.m in Sources */ = {isa = PBXBuildFile; fileRef = 49274E4C2A70FFD100396C98 /* SLRemindersCollectionViewCell.m */; };
		49274E4F2A70FFD100396C98 /* SLRemindersCollectionViewCell.xib in Resources */ = {isa = PBXBuildFile; fileRef = 49274E4D2A70FFD100396C98 /* SLRemindersCollectionViewCell.xib */; };
		49274E5F2A7225E100396C98 /* SLShowAllRemindersTableViewCell.m in Sources */ = {isa = PBXBuildFile; fileRef = 49274E5D2A7225E100396C98 /* SLShowAllRemindersTableViewCell.m */; };
		49274E602A7225E100396C98 /* SLShowAllRemindersTableViewCell.xib in Resources */ = {isa = PBXBuildFile; fileRef = 49274E5E2A7225E100396C98 /* SLShowAllRemindersTableViewCell.xib */; };
		493953EF2A60EA1800ADED5F /* SLFavoritesTableViewCell.m in Sources */ = {isa = PBXBuildFile; fileRef = 493953ED2A60EA1800ADED5F /* SLFavoritesTableViewCell.m */; };
		493953F22A60EE7300ADED5F /* SLFavoritesTableViewCell.xib in Resources */ = {isa = PBXBuildFile; fileRef = 493953EE2A60EA1800ADED5F /* SLFavoritesTableViewCell.xib */; };
		494952E32A7258C600FE5095 /* SLShowAllRemindersViewController.m in Sources */ = {isa = PBXBuildFile; fileRef = 494952E12A7258C600FE5095 /* SLShowAllRemindersViewController.m */; };
		494952E42A7258C600FE5095 /* SLShowAllRemindersViewController.xib in Resources */ = {isa = PBXBuildFile; fileRef = 494952E22A7258C600FE5095 /* SLShowAllRemindersViewController.xib */; };
		494952ED2A7368AF00FE5095 /* Sort.m in Sources */ = {isa = PBXBuildFile; fileRef = 494952EC2A7368AF00FE5095 /* Sort.m */; };
		494952F02A7368C700FE5095 /* Filter.m in Sources */ = {isa = PBXBuildFile; fileRef = 494952EF2A7368C700FE5095 /* Filter.m */; };
		494952F52A736C2300FE5095 /* SLFilterSeekbarTableViewCell.m in Sources */ = {isa = PBXBuildFile; fileRef = 494952F32A736C2300FE5095 /* SLFilterSeekbarTableViewCell.m */; };
		494952F62A736C2300FE5095 /* SLFilterSeekbarTableViewCell.xib in Resources */ = {isa = PBXBuildFile; fileRef = 494952F42A736C2300FE5095 /* SLFilterSeekbarTableViewCell.xib */; };
		4951778A2A429D760008345B /* AppDelegate.m in Sources */ = {isa = PBXBuildFile; fileRef = 495177892A429D760008345B /* AppDelegate.m */; };
		4951778D2A429D760008345B /* SceneDelegate.m in Sources */ = {isa = PBXBuildFile; fileRef = 4951778C2A429D760008345B /* SceneDelegate.m */; };
		495177952A429D780008345B /* Assets.xcassets in Resources */ = {isa = PBXBuildFile; fileRef = 495177942A429D780008345B /* Assets.xcassets */; };
		495177982A429D780008345B /* LaunchScreen.storyboard in Resources */ = {isa = PBXBuildFile; fileRef = 495177962A429D780008345B /* LaunchScreen.storyboard */; };
		4951779B2A429D780008345B /* main.m in Sources */ = {isa = PBXBuildFile; fileRef = 4951779A2A429D780008345B /* main.m */; };
		495177AF2A42A01A0008345B /* SLSettingsViewController.m in Sources */ = {isa = PBXBuildFile; fileRef = 495177AD2A42A01A0008345B /* SLSettingsViewController.m */; };
		495177B02A42A01A0008345B /* SLSettingsViewController.xib in Resources */ = {isa = PBXBuildFile; fileRef = 495177AE2A42A01A0008345B /* SLSettingsViewController.xib */; };
		495177B42A42A02D0008345B /* SLFavoritesViewController.m in Sources */ = {isa = PBXBuildFile; fileRef = 495177B22A42A02D0008345B /* SLFavoritesViewController.m */; };
		495177B92A42A0400008345B /* SLMoviesViewController.m in Sources */ = {isa = PBXBuildFile; fileRef = 495177B72A42A0400008345B /* SLMoviesViewController.m */; };
		495177BE2A42A0550008345B /* SLAboutViewController.m in Sources */ = {isa = PBXBuildFile; fileRef = 495177BC2A42A0550008345B /* SLAboutViewController.m */; };
		495177BF2A42A0550008345B /* SLAboutViewController.xib in Resources */ = {isa = PBXBuildFile; fileRef = 495177BD2A42A0550008345B /* SLAboutViewController.xib */; };
		497439A52A49372C0036B76C /* SLTabbarController.m in Sources */ = {isa = PBXBuildFile; fileRef = 497439A42A49372C0036B76C /* SLTabbarController.m */; };
		49B35FFF2A6FC29500824A38 /* SLEditProfileViewController.m in Sources */ = {isa = PBXBuildFile; fileRef = 49B35FFD2A6FC29500824A38 /* SLEditProfileViewController.m */; };
		49B360002A6FC29600824A38 /* SLEditProfileViewController.xib in Resources */ = {isa = PBXBuildFile; fileRef = 49B35FFE2A6FC29500824A38 /* SLEditProfileViewController.xib */; };
		49BCE7E02A5EA0AA008DFBCF /* SLFavoritesData.xcdatamodeld in Sources */ = {isa = PBXBuildFile; fileRef = 49BCE7DE2A5EA0AA008DFBCF /* SLFavoritesData.xcdatamodeld */; };
		49C646812A49DE0C00DE53FB /* SLLeftMenuViewController.m in Sources */ = {isa = PBXBuildFile; fileRef = 49C6467F2A49DE0C00DE53FB /* SLLeftMenuViewController.m */; };
		49C646822A49DE0C00DE53FB /* SLLeftMenuViewController.xib in Resources */ = {isa = PBXBuildFile; fileRef = 49C646802A49DE0C00DE53FB /* SLLeftMenuViewController.xib */; };
		49D5A6F52A4ABF5B0029A12F /* SLBaseViewController.m in Sources */ = {isa = PBXBuildFile; fileRef = 49D5A6F32A4ABF5B0029A12F /* SLBaseViewController.m */; };
		49D5A70A2A4B361E0029A12F /* NetworkManager.m in Sources */ = {isa = PBXBuildFile; fileRef = 49D5A7092A4B361E0029A12F /* NetworkManager.m */; };
		49D5A7162A4BEE930029A12F /* SLMoviesTableView.m in Sources */ = {isa = PBXBuildFile; fileRef = 49D5A7152A4BEE930029A12F /* SLMoviesTableView.m */; };
		49D5A71C2A4C13070029A12F /* SLMoviesCollectionView.m in Sources */ = {isa = PBXBuildFile; fileRef = 49D5A71B2A4C13070029A12F /* SLMoviesCollectionView.m */; };
		49D5A7222A4C1E1E0029A12F /* SLMoviesTableViewCell.m in Sources */ = {isa = PBXBuildFile; fileRef = 49D5A7202A4C1E1E0029A12F /* SLMoviesTableViewCell.m */; };
		49D5A7232A4C1E1E0029A12F /* SLMoviesTableViewCell.xib in Resources */ = {isa = PBXBuildFile; fileRef = 49D5A7212A4C1E1E0029A12F /* SLMoviesTableViewCell.xib */; };
		ECC194060B3B47087120AD63 /* Pods_MockProjectObjectiveC.framework in Frameworks */ = {isa = PBXBuildFile; fileRef = 108583669C0CB40AB7113039 /* Pods_MockProjectObjectiveC.framework */; };
/* End PBXBuildFile section */

/* Begin PBXFileReference section */
		108583669C0CB40AB7113039 /* Pods_MockProjectObjectiveC.framework */ = {isa = PBXFileReference; explicitFileType = wrapper.framework; includeInIndex = 0; path = Pods_MockProjectObjectiveC.framework; sourceTree = BUILT_PRODUCTS_DIR; };
		490D3A7D2A4C3982007AF5F1 /* Model.h */ = {isa = PBXFileReference; fileEncoding = 4; lastKnownFileType = sourcecode.c.h; path = Model.h; sourceTree = "<group>"; };
		490D3A7E2A4C3982007AF5F1 /* Model.m */ = {isa = PBXFileReference; fileEncoding = 4; lastKnownFileType = sourcecode.c.objc; path = Model.m; sourceTree = "<group>"; };
		490D3A802A4C3F07007AF5F1 /* Configuration.h */ = {isa = PBXFileReference; lastKnownFileType = sourcecode.c.h; path = Configuration.h; sourceTree = "<group>"; };
		490D3A812A4C3F17007AF5F1 /* Configuration.m */ = {isa = PBXFileReference; lastKnownFileType = sourcecode.c.objc; path = Configuration.m; sourceTree = "<group>"; };
		490E49BF2A53C7550003FB87 /* SLMoviesCollectionViewCell.h */ = {isa = PBXFileReference; lastKnownFileType = sourcecode.c.h; path = SLMoviesCollectionViewCell.h; sourceTree = "<group>"; };
		490E49C02A53C7550003FB87 /* SLMoviesCollectionViewCell.m */ = {isa = PBXFileReference; lastKnownFileType = sourcecode.c.objc; path = SLMoviesCollectionViewCell.m; sourceTree = "<group>"; };
		490E49C12A53C7550003FB87 /* SLMoviesCollectionViewCell.xib */ = {isa = PBXFileReference; lastKnownFileType = file.xib; path = SLMoviesCollectionViewCell.xib; sourceTree = "<group>"; };
		490E49C52A5403030003FB87 /* SLDetailMoviesViewController.h */ = {isa = PBXFileReference; lastKnownFileType = sourcecode.c.h; path = SLDetailMoviesViewController.h; sourceTree = "<group>"; };
		490E49C62A5403030003FB87 /* SLDetailMoviesViewController.m */ = {isa = PBXFileReference; lastKnownFileType = sourcecode.c.objc; path = SLDetailMoviesViewController.m; sourceTree = "<group>"; };
		490E49C72A5403030003FB87 /* SLDetailMoviesViewController.xib */ = {isa = PBXFileReference; lastKnownFileType = file.xib; path = SLDetailMoviesViewController.xib; sourceTree = "<group>"; };
		490E49CB2A5415360003FB87 /* Result.h */ = {isa = PBXFileReference; lastKnownFileType = sourcecode.c.h; path = Result.h; sourceTree = "<group>"; };
		490E49CC2A5415440003FB87 /* Result.m */ = {isa = PBXFileReference; lastKnownFileType = sourcecode.c.objc; path = Result.m; sourceTree = "<group>"; };
		490E49CF2A565D2F0003FB87 /* CastAndCrew.h */ = {isa = PBXFileReference; lastKnownFileType = sourcecode.c.h; path = CastAndCrew.h; sourceTree = "<group>"; };
		490E49D02A565D3E0003FB87 /* CastAndCrew.m */ = {isa = PBXFileReference; lastKnownFileType = sourcecode.c.objc; path = CastAndCrew.m; sourceTree = "<group>"; };
		490E49D42A565DC50003FB87 /* Cast.h */ = {isa = PBXFileReference; lastKnownFileType = sourcecode.c.h; path = Cast.h; sourceTree = "<group>"; };
		490E49D72A565DE00003FB87 /* Cast.m */ = {isa = PBXFileReference; lastKnownFileType = sourcecode.c.objc; path = Cast.m; sourceTree = "<group>"; };
		490E49D92A565DE80003FB87 /* Crew.h */ = {isa = PBXFileReference; lastKnownFileType = sourcecode.c.h; path = Crew.h; sourceTree = "<group>"; };
		490E49DA2A565DF10003FB87 /* Crew.m */ = {isa = PBXFileReference; lastKnownFileType = sourcecode.c.objc; path = Crew.m; sourceTree = "<group>"; };
		490E49DD2A5663DF0003FB87 /* SLCastAndCrewCollectionViewCell.h */ = {isa = PBXFileReference; lastKnownFileType = sourcecode.c.h; path = SLCastAndCrewCollectionViewCell.h; sourceTree = "<group>"; };
		490E49DE2A5663DF0003FB87 /* SLCastAndCrewCollectionViewCell.m */ = {isa = PBXFileReference; lastKnownFileType = sourcecode.c.objc; path = SLCastAndCrewCollectionViewCell.m; sourceTree = "<group>"; };
		490E49DF2A5663DF0003FB87 /* SLCastAndCrewCollectionViewCell.xib */ = {isa = PBXFileReference; lastKnownFileType = file.xib; path = SLCastAndCrewCollectionViewCell.xib; sourceTree = "<group>"; };
		4910307D2A57F4A400D764F1 /* MockProjectObjectiveC-Bridging-Header.h */ = {isa = PBXFileReference; lastKnownFileType = sourcecode.c.h; path = "MockProjectObjectiveC-Bridging-Header.h"; sourceTree = "<group>"; };
		491FC0D02A5FD29B00832B77 /* Favorites+CoreDataProperties.h */ = {isa = PBXFileReference; lastKnownFileType = sourcecode.c.h; path = "Favorites+CoreDataProperties.h"; sourceTree = SOURCE_ROOT; };
		491FC0D12A5FD29B00832B77 /* Favorites+CoreDataClass.h */ = {isa = PBXFileReference; lastKnownFileType = sourcecode.c.h; path = "Favorites+CoreDataClass.h"; sourceTree = SOURCE_ROOT; };
		491FC0D22A5FD29B00832B77 /* Favorites+CoreDataClass.m */ = {isa = PBXFileReference; lastKnownFileType = sourcecode.c.objc; path = "Favorites+CoreDataClass.m"; sourceTree = SOURCE_ROOT; };
		491FC0D32A5FD29B00832B77 /* Favorites+CoreDataProperties.m */ = {isa = PBXFileReference; lastKnownFileType = sourcecode.c.objc; path = "Favorites+CoreDataProperties.m"; sourceTree = SOURCE_ROOT; };
		491FC0D62A5FEA3900832B77 /* CoreDataManager.h */ = {isa = PBXFileReference; lastKnownFileType = sourcecode.c.h; path = CoreDataManager.h; sourceTree = "<group>"; };
		491FC0D72A5FEA5A00832B77 /* CoreDataManager.m */ = {isa = PBXFileReference; lastKnownFileType = sourcecode.c.objc; path = CoreDataManager.m; sourceTree = "<group>"; };
		49274E442A70FE5800396C98 /* Reminders+CoreDataProperties.h */ = {isa = PBXFileReference; lastKnownFileType = sourcecode.c.h; path = "Reminders+CoreDataProperties.h"; sourceTree = SOURCE_ROOT; };
		49274E452A70FE5800396C98 /* Reminders+CoreDataClass.h */ = {isa = PBXFileReference; lastKnownFileType = sourcecode.c.h; path = "Reminders+CoreDataClass.h"; sourceTree = SOURCE_ROOT; };
		49274E462A70FE5800396C98 /* Reminders+CoreDataClass.m */ = {isa = PBXFileReference; lastKnownFileType = sourcecode.c.objc; path = "Reminders+CoreDataClass.m"; sourceTree = SOURCE_ROOT; };
		49274E472A70FE5800396C98 /* Reminders+CoreDataProperties.m */ = {isa = PBXFileReference; lastKnownFileType = sourcecode.c.objc; path = "Reminders+CoreDataProperties.m"; sourceTree = SOURCE_ROOT; };
		49274E4B2A70FFD100396C98 /* SLRemindersCollectionViewCell.h */ = {isa = PBXFileReference; lastKnownFileType = sourcecode.c.h; path = SLRemindersCollectionViewCell.h; sourceTree = "<group>"; };
		49274E4C2A70FFD100396C98 /* SLRemindersCollectionViewCell.m */ = {isa = PBXFileReference; lastKnownFileType = sourcecode.c.objc; path = SLRemindersCollectionViewCell.m; sourceTree = "<group>"; };
		49274E4D2A70FFD100396C98 /* SLRemindersCollectionViewCell.xib */ = {isa = PBXFileReference; lastKnownFileType = file.xib; path = SLRemindersCollectionViewCell.xib; sourceTree = "<group>"; };
		49274E5C2A7225E100396C98 /* SLShowAllRemindersTableViewCell.h */ = {isa = PBXFileReference; lastKnownFileType = sourcecode.c.h; path = SLShowAllRemindersTableViewCell.h; sourceTree = "<group>"; };
		49274E5D2A7225E100396C98 /* SLShowAllRemindersTableViewCell.m */ = {isa = PBXFileReference; lastKnownFileType = sourcecode.c.objc; path = SLShowAllRemindersTableViewCell.m; sourceTree = "<group>"; };
		49274E5E2A7225E100396C98 /* SLShowAllRemindersTableViewCell.xib */ = {isa = PBXFileReference; lastKnownFileType = file.xib; path = SLShowAllRemindersTableViewCell.xib; sourceTree = "<group>"; };
		493953EC2A60EA1800ADED5F /* SLFavoritesTableViewCell.h */ = {isa = PBXFileReference; lastKnownFileType = sourcecode.c.h; path = SLFavoritesTableViewCell.h; sourceTree = "<group>"; };
		493953ED2A60EA1800ADED5F /* SLFavoritesTableViewCell.m */ = {isa = PBXFileReference; lastKnownFileType = sourcecode.c.objc; path = SLFavoritesTableViewCell.m; sourceTree = "<group>"; };
		493953EE2A60EA1800ADED5F /* SLFavoritesTableViewCell.xib */ = {isa = PBXFileReference; lastKnownFileType = file.xib; path = SLFavoritesTableViewCell.xib; sourceTree = "<group>"; };
		494952E02A7258C600FE5095 /* SLShowAllRemindersViewController.h */ = {isa = PBXFileReference; lastKnownFileType = sourcecode.c.h; path = SLShowAllRemindersViewController.h; sourceTree = "<group>"; };
		494952E12A7258C600FE5095 /* SLShowAllRemindersViewController.m */ = {isa = PBXFileReference; lastKnownFileType = sourcecode.c.objc; path = SLShowAllRemindersViewController.m; sourceTree = "<group>"; };
		494952E22A7258C600FE5095 /* SLShowAllRemindersViewController.xib */ = {isa = PBXFileReference; lastKnownFileType = file.xib; path = SLShowAllRemindersViewController.xib; sourceTree = "<group>"; };
		494952EB2A73689E00FE5095 /* Sort.h */ = {isa = PBXFileReference; lastKnownFileType = sourcecode.c.h; path = Sort.h; sourceTree = "<group>"; };
		494952EC2A7368AF00FE5095 /* Sort.m */ = {isa = PBXFileReference; lastKnownFileType = sourcecode.c.objc; path = Sort.m; sourceTree = "<group>"; };
		494952EE2A7368BB00FE5095 /* Filter.h */ = {isa = PBXFileReference; lastKnownFileType = sourcecode.c.h; path = Filter.h; sourceTree = "<group>"; };
		494952EF2A7368C700FE5095 /* Filter.m */ = {isa = PBXFileReference; lastKnownFileType = sourcecode.c.objc; path = Filter.m; sourceTree = "<group>"; };
		494952F22A736C2300FE5095 /* SLFilterSeekbarTableViewCell.h */ = {isa = PBXFileReference; lastKnownFileType = sourcecode.c.h; path = SLFilterSeekbarTableViewCell.h; sourceTree = "<group>"; };
		494952F32A736C2300FE5095 /* SLFilterSeekbarTableViewCell.m */ = {isa = PBXFileReference; lastKnownFileType = sourcecode.c.objc; path = SLFilterSeekbarTableViewCell.m; sourceTree = "<group>"; };
		494952F42A736C2300FE5095 /* SLFilterSeekbarTableViewCell.xib */ = {isa = PBXFileReference; lastKnownFileType = file.xib; path = SLFilterSeekbarTableViewCell.xib; sourceTree = "<group>"; };
		495177852A429D760008345B /* MockProjectObjectiveC.app */ = {isa = PBXFileReference; explicitFileType = wrapper.application; includeInIndex = 0; path = MockProjectObjectiveC.app; sourceTree = BUILT_PRODUCTS_DIR; };
		495177882A429D760008345B /* AppDelegate.h */ = {isa = PBXFileReference; lastKnownFileType = sourcecode.c.h; path = AppDelegate.h; sourceTree = "<group>"; };
		495177892A429D760008345B /* AppDelegate.m */ = {isa = PBXFileReference; lastKnownFileType = sourcecode.c.objc; path = AppDelegate.m; sourceTree = "<group>"; };
		4951778B2A429D760008345B /* SceneDelegate.h */ = {isa = PBXFileReference; lastKnownFileType = sourcecode.c.h; path = SceneDelegate.h; sourceTree = "<group>"; };
		4951778C2A429D760008345B /* SceneDelegate.m */ = {isa = PBXFileReference; lastKnownFileType = sourcecode.c.objc; path = SceneDelegate.m; sourceTree = "<group>"; };
		495177942A429D780008345B /* Assets.xcassets */ = {isa = PBXFileReference; lastKnownFileType = folder.assetcatalog; path = Assets.xcassets; sourceTree = "<group>"; };
		495177972A429D780008345B /* Base */ = {isa = PBXFileReference; lastKnownFileType = file.storyboard; name = Base; path = Base.lproj/LaunchScreen.storyboard; sourceTree = "<group>"; };
		495177992A429D780008345B /* Info.plist */ = {isa = PBXFileReference; lastKnownFileType = text.plist.xml; path = Info.plist; sourceTree = "<group>"; };
		4951779A2A429D780008345B /* main.m */ = {isa = PBXFileReference; lastKnownFileType = sourcecode.c.objc; path = main.m; sourceTree = "<group>"; };
		495177AC2A42A01A0008345B /* SLSettingsViewController.h */ = {isa = PBXFileReference; lastKnownFileType = sourcecode.c.h; path = SLSettingsViewController.h; sourceTree = "<group>"; };
		495177AD2A42A01A0008345B /* SLSettingsViewController.m */ = {isa = PBXFileReference; lastKnownFileType = sourcecode.c.objc; path = SLSettingsViewController.m; sourceTree = "<group>"; };
		495177AE2A42A01A0008345B /* SLSettingsViewController.xib */ = {isa = PBXFileReference; lastKnownFileType = file.xib; path = SLSettingsViewController.xib; sourceTree = "<group>"; };
		495177B12A42A02D0008345B /* SLFavoritesViewController.h */ = {isa = PBXFileReference; lastKnownFileType = sourcecode.c.h; path = SLFavoritesViewController.h; sourceTree = "<group>"; };
		495177B22A42A02D0008345B /* SLFavoritesViewController.m */ = {isa = PBXFileReference; lastKnownFileType = sourcecode.c.objc; path = SLFavoritesViewController.m; sourceTree = "<group>"; };
		495177B62A42A0400008345B /* SLMoviesViewController.h */ = {isa = PBXFileReference; lastKnownFileType = sourcecode.c.h; path = SLMoviesViewController.h; sourceTree = "<group>"; };
		495177B72A42A0400008345B /* SLMoviesViewController.m */ = {isa = PBXFileReference; lastKnownFileType = sourcecode.c.objc; path = SLMoviesViewController.m; sourceTree = "<group>"; };
		495177BB2A42A0550008345B /* SLAboutViewController.h */ = {isa = PBXFileReference; lastKnownFileType = sourcecode.c.h; path = SLAboutViewController.h; sourceTree = "<group>"; };
		495177BC2A42A0550008345B /* SLAboutViewController.m */ = {isa = PBXFileReference; lastKnownFileType = sourcecode.c.objc; path = SLAboutViewController.m; sourceTree = "<group>"; };
		495177BD2A42A0550008345B /* SLAboutViewController.xib */ = {isa = PBXFileReference; lastKnownFileType = file.xib; path = SLAboutViewController.xib; sourceTree = "<group>"; };
		497439A32A49372C0036B76C /* SLTabbarController.h */ = {isa = PBXFileReference; lastKnownFileType = sourcecode.c.h; path = SLTabbarController.h; sourceTree = "<group>"; };
		497439A42A49372C0036B76C /* SLTabbarController.m */ = {isa = PBXFileReference; lastKnownFileType = sourcecode.c.objc; path = SLTabbarController.m; sourceTree = "<group>"; };
		49B35FFC2A6FC29500824A38 /* SLEditProfileViewController.h */ = {isa = PBXFileReference; lastKnownFileType = sourcecode.c.h; path = SLEditProfileViewController.h; sourceTree = "<group>"; };
		49B35FFD2A6FC29500824A38 /* SLEditProfileViewController.m */ = {isa = PBXFileReference; lastKnownFileType = sourcecode.c.objc; path = SLEditProfileViewController.m; sourceTree = "<group>"; };
		49B35FFE2A6FC29500824A38 /* SLEditProfileViewController.xib */ = {isa = PBXFileReference; lastKnownFileType = file.xib; path = SLEditProfileViewController.xib; sourceTree = "<group>"; };
		49BCE7DF2A5EA0AA008DFBCF /* SLFavoritesData.xcdatamodel */ = {isa = PBXFileReference; lastKnownFileType = wrapper.xcdatamodel; path = SLFavoritesData.xcdatamodel; sourceTree = "<group>"; };
		49C6467E2A49DE0C00DE53FB /* SLLeftMenuViewController.h */ = {isa = PBXFileReference; lastKnownFileType = sourcecode.c.h; path = SLLeftMenuViewController.h; sourceTree = "<group>"; };
		49C6467F2A49DE0C00DE53FB /* SLLeftMenuViewController.m */ = {isa = PBXFileReference; lastKnownFileType = sourcecode.c.objc; path = SLLeftMenuViewController.m; sourceTree = "<group>"; };
		49C646802A49DE0C00DE53FB /* SLLeftMenuViewController.xib */ = {isa = PBXFileReference; lastKnownFileType = file.xib; path = SLLeftMenuViewController.xib; sourceTree = "<group>"; };
		49D5A6F22A4ABF5B0029A12F /* SLBaseViewController.h */ = {isa = PBXFileReference; lastKnownFileType = sourcecode.c.h; path = SLBaseViewController.h; sourceTree = "<group>"; };
		49D5A6F32A4ABF5B0029A12F /* SLBaseViewController.m */ = {isa = PBXFileReference; lastKnownFileType = sourcecode.c.objc; path = SLBaseViewController.m; sourceTree = "<group>"; };
		49D5A7082A4B360D0029A12F /* NetworkManager.h */ = {isa = PBXFileReference; lastKnownFileType = sourcecode.c.h; path = NetworkManager.h; sourceTree = "<group>"; };
		49D5A7092A4B361E0029A12F /* NetworkManager.m */ = {isa = PBXFileReference; lastKnownFileType = sourcecode.c.objc; path = NetworkManager.m; sourceTree = "<group>"; };
		49D5A7142A4BEE930029A12F /* SLMoviesTableView.h */ = {isa = PBXFileReference; lastKnownFileType = sourcecode.c.h; path = SLMoviesTableView.h; sourceTree = "<group>"; };
		49D5A7152A4BEE930029A12F /* SLMoviesTableView.m */ = {isa = PBXFileReference; lastKnownFileType = sourcecode.c.objc; path = SLMoviesTableView.m; sourceTree = "<group>"; };
		49D5A71A2A4C13070029A12F /* SLMoviesCollectionView.h */ = {isa = PBXFileReference; lastKnownFileType = sourcecode.c.h; path = SLMoviesCollectionView.h; sourceTree = "<group>"; };
		49D5A71B2A4C13070029A12F /* SLMoviesCollectionView.m */ = {isa = PBXFileReference; lastKnownFileType = sourcecode.c.objc; path = SLMoviesCollectionView.m; sourceTree = "<group>"; };
		49D5A71F2A4C1E1E0029A12F /* SLMoviesTableViewCell.h */ = {isa = PBXFileReference; lastKnownFileType = sourcecode.c.h; path = SLMoviesTableViewCell.h; sourceTree = "<group>"; };
		49D5A7202A4C1E1E0029A12F /* SLMoviesTableViewCell.m */ = {isa = PBXFileReference; lastKnownFileType = sourcecode.c.objc; path = SLMoviesTableViewCell.m; sourceTree = "<group>"; };
		49D5A7212A4C1E1E0029A12F /* SLMoviesTableViewCell.xib */ = {isa = PBXFileReference; lastKnownFileType = file.xib; path = SLMoviesTableViewCell.xib; sourceTree = "<group>"; };
		96A57E4E8101C04CB3CC9B90 /* Pods-MockProjectObjectiveC.release.xcconfig */ = {isa = PBXFileReference; includeInIndex = 1; lastKnownFileType = text.xcconfig; name = "Pods-MockProjectObjectiveC.release.xcconfig"; path = "Target Support Files/Pods-MockProjectObjectiveC/Pods-MockProjectObjectiveC.release.xcconfig"; sourceTree = "<group>"; };
		E80FB5E19580F86512AE98A7 /* Pods-MockProjectObjectiveC.debug.xcconfig */ = {isa = PBXFileReference; includeInIndex = 1; lastKnownFileType = text.xcconfig; name = "Pods-MockProjectObjectiveC.debug.xcconfig"; path = "Target Support Files/Pods-MockProjectObjectiveC/Pods-MockProjectObjectiveC.debug.xcconfig"; sourceTree = "<group>"; };
/* End PBXFileReference section */

/* Begin PBXFrameworksBuildPhase section */
		495177822A429D760008345B /* Frameworks */ = {
			isa = PBXFrameworksBuildPhase;
			buildActionMask = 2147483647;
			files = (
				ECC194060B3B47087120AD63 /* Pods_MockProjectObjectiveC.framework in Frameworks */,
			);
			runOnlyForDeploymentPostprocessing = 0;
		};
/* End PBXFrameworksBuildPhase section */

/* Begin PBXGroup section */
		490CDB6C2A4970230048C15B /* LeftMenu */ = {
			isa = PBXGroup;
			children = (
				49274E502A7224DA00396C98 /* SLShowAllRemindersViewController */,
				49274E4A2A70FF6400396C98 /* SLRemindersCollectionViewCell */,
				49B35FFB2A6FC27000824A38 /* SLEditProfileViewController */,
				49C6467E2A49DE0C00DE53FB /* SLLeftMenuViewController.h */,
				49C6467F2A49DE0C00DE53FB /* SLLeftMenuViewController.m */,
				49C646802A49DE0C00DE53FB /* SLLeftMenuViewController.xib */,
			);
			path = LeftMenu;
			sourceTree = "<group>";
		};
		490D3A7A2A4C3808007AF5F1 /* Configuration */ = {
			isa = PBXGroup;
			children = (
				490D3A802A4C3F07007AF5F1 /* Configuration.h */,
				490D3A812A4C3F17007AF5F1 /* Configuration.m */,
			);
			path = Configuration;
			sourceTree = "<group>";
		};
		490E49C42A5402B10003FB87 /* SLDetailMoviesViewController */ = {
			isa = PBXGroup;
			children = (
				49274E3D2A70FDC000396C98 /* SLReminderCoreData */,
				490E49DC2A5663B80003FB87 /* SLCastAndCrewCollectionViewCell */,
				490E49C52A5403030003FB87 /* SLDetailMoviesViewController.h */,
				490E49C62A5403030003FB87 /* SLDetailMoviesViewController.m */,
				490E49C72A5403030003FB87 /* SLDetailMoviesViewController.xib */,
			);
			path = SLDetailMoviesViewController;
			sourceTree = "<group>";
		};
		490E49CA2A5415270003FB87 /* Result */ = {
			isa = PBXGroup;
			children = (
				490E49CB2A5415360003FB87 /* Result.h */,
				490E49CC2A5415440003FB87 /* Result.m */,
			);
			path = Result;
			sourceTree = "<group>";
		};
		490E49CE2A565D1A0003FB87 /* CastAndCrew */ = {
			isa = PBXGroup;
			children = (
				490E49D32A565DB30003FB87 /* Cast */,
				490E49D22A565DB00003FB87 /* Crew */,
				490E49CF2A565D2F0003FB87 /* CastAndCrew.h */,
				490E49D02A565D3E0003FB87 /* CastAndCrew.m */,
			);
			path = CastAndCrew;
			sourceTree = "<group>";
		};
		490E49D22A565DB00003FB87 /* Crew */ = {
			isa = PBXGroup;
			children = (
				490E49D92A565DE80003FB87 /* Crew.h */,
				490E49DA2A565DF10003FB87 /* Crew.m */,
			);
			path = Crew;
			sourceTree = "<group>";
		};
		490E49D32A565DB30003FB87 /* Cast */ = {
			isa = PBXGroup;
			children = (
				490E49D42A565DC50003FB87 /* Cast.h */,
				490E49D72A565DE00003FB87 /* Cast.m */,
			);
			path = Cast;
			sourceTree = "<group>";
		};
		490E49DC2A5663B80003FB87 /* SLCastAndCrewCollectionViewCell */ = {
			isa = PBXGroup;
			children = (
				490E49DD2A5663DF0003FB87 /* SLCastAndCrewCollectionViewCell.h */,
				490E49DE2A5663DF0003FB87 /* SLCastAndCrewCollectionViewCell.m */,
				490E49DF2A5663DF0003FB87 /* SLCastAndCrewCollectionViewCell.xib */,
			);
			path = SLCastAndCrewCollectionViewCell;
			sourceTree = "<group>";
		};
		491FC0D92A5FFC0C00832B77 /* SLFavoritesTableViewCell */ = {
			isa = PBXGroup;
			children = (
				493953EC2A60EA1800ADED5F /* SLFavoritesTableViewCell.h */,
				493953ED2A60EA1800ADED5F /* SLFavoritesTableViewCell.m */,
				493953EE2A60EA1800ADED5F /* SLFavoritesTableViewCell.xib */,
			);
			path = SLFavoritesTableViewCell;
			sourceTree = "<group>";
		};
		49274E3D2A70FDC000396C98 /* SLReminderCoreData */ = {
			isa = PBXGroup;
			children = (
				49274E442A70FE5800396C98 /* Reminders+CoreDataProperties.h */,
				49274E452A70FE5800396C98 /* Reminders+CoreDataClass.h */,
				49274E462A70FE5800396C98 /* Reminders+CoreDataClass.m */,
				49274E472A70FE5800396C98 /* Reminders+CoreDataProperties.m */,
			);
			path = SLReminderCoreData;
			sourceTree = "<group>";
		};
		49274E4A2A70FF6400396C98 /* SLRemindersCollectionViewCell */ = {
			isa = PBXGroup;
			children = (
				49274E4B2A70FFD100396C98 /* SLRemindersCollectionViewCell.h */,
				49274E4C2A70FFD100396C98 /* SLRemindersCollectionViewCell.m */,
				49274E4D2A70FFD100396C98 /* SLRemindersCollectionViewCell.xib */,
			);
			path = SLRemindersCollectionViewCell;
			sourceTree = "<group>";
		};
		49274E502A7224DA00396C98 /* SLShowAllRemindersViewController */ = {
			isa = PBXGroup;
			children = (
				49274E562A72256A00396C98 /* SLShowAllRemindersTableViewCell */,
				494952E02A7258C600FE5095 /* SLShowAllRemindersViewController.h */,
				494952E12A7258C600FE5095 /* SLShowAllRemindersViewController.m */,
				494952E22A7258C600FE5095 /* SLShowAllRemindersViewController.xib */,
			);
			path = SLShowAllRemindersViewController;
			sourceTree = "<group>";
		};
		49274E562A72256A00396C98 /* SLShowAllRemindersTableViewCell */ = {
			isa = PBXGroup;
			children = (
				49274E5C2A7225E100396C98 /* SLShowAllRemindersTableViewCell.h */,
				49274E5D2A7225E100396C98 /* SLShowAllRemindersTableViewCell.m */,
				49274E5E2A7225E100396C98 /* SLShowAllRemindersTableViewCell.xib */,
			);
			path = SLShowAllRemindersTableViewCell;
			sourceTree = "<group>";
		};
		4929F9112A5E8F3F0026686D /* SLFavoriteData */ = {
			isa = PBXGroup;
			children = (
				491FC0D02A5FD29B00832B77 /* Favorites+CoreDataProperties.h */,
				491FC0D12A5FD29B00832B77 /* Favorites+CoreDataClass.h */,
				491FC0D22A5FD29B00832B77 /* Favorites+CoreDataClass.m */,
				491FC0D32A5FD29B00832B77 /* Favorites+CoreDataProperties.m */,
			);
			path = SLFavoriteData;
			sourceTree = "<group>";
		};
		494952E52A735F2400FE5095 /* Setting */ = {
			isa = PBXGroup;
			children = (
				494952EA2A73685300FE5095 /* SortSession */,
				494952E92A73684900FE5095 /* FilterSession */,
			);
			path = Setting;
			sourceTree = "<group>";
		};
		494952E92A73684900FE5095 /* FilterSession */ = {
			isa = PBXGroup;
			children = (
				494952EE2A7368BB00FE5095 /* Filter.h */,
				494952EF2A7368C700FE5095 /* Filter.m */,
			);
			path = FilterSession;
			sourceTree = "<group>";
		};
		494952EA2A73685300FE5095 /* SortSession */ = {
			isa = PBXGroup;
			children = (
				494952EB2A73689E00FE5095 /* Sort.h */,
				494952EC2A7368AF00FE5095 /* Sort.m */,
			);
			path = SortSession;
			sourceTree = "<group>";
		};
		494952F12A736BF200FE5095 /* SLFilterSeekbarTableViewCell */ = {
			isa = PBXGroup;
			children = (
				494952F22A736C2300FE5095 /* SLFilterSeekbarTableViewCell.h */,
				494952F32A736C2300FE5095 /* SLFilterSeekbarTableViewCell.m */,
				494952F42A736C2300FE5095 /* SLFilterSeekbarTableViewCell.xib */,
			);
			path = SLFilterSeekbarTableViewCell;
			sourceTree = "<group>";
		};
		4951777C2A429D760008345B = {
			isa = PBXGroup;
			children = (
				495177872A429D760008345B /* MockProjectObjectiveC */,
				495177862A429D760008345B /* Products */,
				6862668B4FE8C4C915E5340C /* Pods */,
				7788E2EA933A68C8C914D909 /* Frameworks */,
				4910307D2A57F4A400D764F1 /* MockProjectObjectiveC-Bridging-Header.h */,
			);
			sourceTree = "<group>";
		};
		495177862A429D760008345B /* Products */ = {
			isa = PBXGroup;
			children = (
				495177852A429D760008345B /* MockProjectObjectiveC.app */,
			);
			name = Products;
			sourceTree = "<group>";
		};
		495177872A429D760008345B /* MockProjectObjectiveC */ = {
			isa = PBXGroup;
			children = (
				497E294F2A4E746B0013913D /* Model */,
				490D3A7A2A4C3808007AF5F1 /* Configuration */,
				49D5A7072A4B35F30029A12F /* NetworkManager */,
				490CDB6C2A4970230048C15B /* LeftMenu */,
				495177A32A429EFE0008345B /* Core */,
				495177A12A429E490008345B /* Sources */,
				495177992A429D780008345B /* Info.plist */,
				49BCE7DE2A5EA0AA008DFBCF /* SLFavoritesData.xcdatamodeld */,
				491FC0D62A5FEA3900832B77 /* CoreDataManager.h */,
				491FC0D72A5FEA5A00832B77 /* CoreDataManager.m */,
			);
			path = MockProjectObjectiveC;
			sourceTree = "<group>";
		};
		495177A12A429E490008345B /* Sources */ = {
			isa = PBXGroup;
			children = (
				495177942A429D780008345B /* Assets.xcassets */,
				495177962A429D780008345B /* LaunchScreen.storyboard */,
				4951779A2A429D780008345B /* main.m */,
				495177882A429D760008345B /* AppDelegate.h */,
				495177892A429D760008345B /* AppDelegate.m */,
				4951778B2A429D760008345B /* SceneDelegate.h */,
				4951778C2A429D760008345B /* SceneDelegate.m */,
			);
			path = Sources;
			sourceTree = "<group>";
		};
		495177A32A429EFE0008345B /* Core */ = {
			isa = PBXGroup;
			children = (
				49D5A6F12A4ABF410029A12F /* BaseViewController */,
				495177AB2A429FEB0008345B /* SLAboutViewController */,
				495177AA2A429FD60008345B /* SLSettingsViewController */,
				495177A92A429FAD0008345B /* SLFavoritesViewController */,
				495177A82A429F940008345B /* SLMoviesViewController */,
				495177A72A429F800008345B /* SLTabbarController */,
			);
			path = Core;
			sourceTree = "<group>";
		};
		495177A72A429F800008345B /* SLTabbarController */ = {
			isa = PBXGroup;
			children = (
				497439A32A49372C0036B76C /* SLTabbarController.h */,
				497439A42A49372C0036B76C /* SLTabbarController.m */,
			);
			path = SLTabbarController;
			sourceTree = "<group>";
		};
		495177A82A429F940008345B /* SLMoviesViewController */ = {
			isa = PBXGroup;
			children = (
				490E49C42A5402B10003FB87 /* SLDetailMoviesViewController */,
				49D5A7012A4AEA8F0029A12F /* SLMoviesCollectionView */,
				49D5A7002A4AEA870029A12F /* SLMoviesTableView */,
				495177B62A42A0400008345B /* SLMoviesViewController.h */,
				495177B72A42A0400008345B /* SLMoviesViewController.m */,
			);
			path = SLMoviesViewController;
			sourceTree = "<group>";
		};
		495177A92A429FAD0008345B /* SLFavoritesViewController */ = {
			isa = PBXGroup;
			children = (
				491FC0D92A5FFC0C00832B77 /* SLFavoritesTableViewCell */,
				4929F9112A5E8F3F0026686D /* SLFavoriteData */,
				495177B12A42A02D0008345B /* SLFavoritesViewController.h */,
				495177B22A42A02D0008345B /* SLFavoritesViewController.m */,
			);
			path = SLFavoritesViewController;
			sourceTree = "<group>";
		};
		495177AA2A429FD60008345B /* SLSettingsViewController */ = {
			isa = PBXGroup;
			children = (
				494952F12A736BF200FE5095 /* SLFilterSeekbarTableViewCell */,
				495177AC2A42A01A0008345B /* SLSettingsViewController.h */,
				495177AD2A42A01A0008345B /* SLSettingsViewController.m */,
				495177AE2A42A01A0008345B /* SLSettingsViewController.xib */,
			);
			path = SLSettingsViewController;
			sourceTree = "<group>";
		};
		495177AB2A429FEB0008345B /* SLAboutViewController */ = {
			isa = PBXGroup;
			children = (
				495177BB2A42A0550008345B /* SLAboutViewController.h */,
				495177BC2A42A0550008345B /* SLAboutViewController.m */,
				495177BD2A42A0550008345B /* SLAboutViewController.xib */,
			);
			path = SLAboutViewController;
			sourceTree = "<group>";
		};
		497E294F2A4E746B0013913D /* Model */ = {
			isa = PBXGroup;
			children = (
				494952E52A735F2400FE5095 /* Setting */,
				490E49CE2A565D1A0003FB87 /* CastAndCrew */,
				490E49CA2A5415270003FB87 /* Result */,
				490D3A7D2A4C3982007AF5F1 /* Model.h */,
				490D3A7E2A4C3982007AF5F1 /* Model.m */,
			);
			path = Model;
			sourceTree = "<group>";
		};
		49B35FFB2A6FC27000824A38 /* SLEditProfileViewController */ = {
			isa = PBXGroup;
			children = (
				49B35FFC2A6FC29500824A38 /* SLEditProfileViewController.h */,
				49B35FFD2A6FC29500824A38 /* SLEditProfileViewController.m */,
				49B35FFE2A6FC29500824A38 /* SLEditProfileViewController.xib */,
			);
			path = SLEditProfileViewController;
			sourceTree = "<group>";
		};
		49D5A6F12A4ABF410029A12F /* BaseViewController */ = {
			isa = PBXGroup;
			children = (
				49D5A6F22A4ABF5B0029A12F /* SLBaseViewController.h */,
				49D5A6F32A4ABF5B0029A12F /* SLBaseViewController.m */,
			);
			path = BaseViewController;
			sourceTree = "<group>";
		};
		49D5A7002A4AEA870029A12F /* SLMoviesTableView */ = {
			isa = PBXGroup;
			children = (
				49D5A71D2A4C1DB40029A12F /* SLMoviesTableViewCell */,
				49D5A7142A4BEE930029A12F /* SLMoviesTableView.h */,
				49D5A7152A4BEE930029A12F /* SLMoviesTableView.m */,
			);
			path = SLMoviesTableView;
			sourceTree = "<group>";
		};
		49D5A7012A4AEA8F0029A12F /* SLMoviesCollectionView */ = {
			isa = PBXGroup;
			children = (
				49D5A71E2A4C1DEC0029A12F /* SLMoviesCollectionViewCell */,
				49D5A71A2A4C13070029A12F /* SLMoviesCollectionView.h */,
				49D5A71B2A4C13070029A12F /* SLMoviesCollectionView.m */,
			);
			path = SLMoviesCollectionView;
			sourceTree = "<group>";
		};
		49D5A7072A4B35F30029A12F /* NetworkManager */ = {
			isa = PBXGroup;
			children = (
				49D5A7082A4B360D0029A12F /* NetworkManager.h */,
				49D5A7092A4B361E0029A12F /* NetworkManager.m */,
			);
			path = NetworkManager;
			sourceTree = "<group>";
		};
		49D5A71D2A4C1DB40029A12F /* SLMoviesTableViewCell */ = {
			isa = PBXGroup;
			children = (
				49D5A71F2A4C1E1E0029A12F /* SLMoviesTableViewCell.h */,
				49D5A7202A4C1E1E0029A12F /* SLMoviesTableViewCell.m */,
				49D5A7212A4C1E1E0029A12F /* SLMoviesTableViewCell.xib */,
			);
			path = SLMoviesTableViewCell;
			sourceTree = "<group>";
		};
		49D5A71E2A4C1DEC0029A12F /* SLMoviesCollectionViewCell */ = {
			isa = PBXGroup;
			children = (
				490E49BF2A53C7550003FB87 /* SLMoviesCollectionViewCell.h */,
				490E49C02A53C7550003FB87 /* SLMoviesCollectionViewCell.m */,
				490E49C12A53C7550003FB87 /* SLMoviesCollectionViewCell.xib */,
			);
			path = SLMoviesCollectionViewCell;
			sourceTree = "<group>";
		};
		6862668B4FE8C4C915E5340C /* Pods */ = {
			isa = PBXGroup;
			children = (
				E80FB5E19580F86512AE98A7 /* Pods-MockProjectObjectiveC.debug.xcconfig */,
				96A57E4E8101C04CB3CC9B90 /* Pods-MockProjectObjectiveC.release.xcconfig */,
			);
			path = Pods;
			sourceTree = "<group>";
		};
		7788E2EA933A68C8C914D909 /* Frameworks */ = {
			isa = PBXGroup;
			children = (
				108583669C0CB40AB7113039 /* Pods_MockProjectObjectiveC.framework */,
			);
			name = Frameworks;
			sourceTree = "<group>";
		};
/* End PBXGroup section */

/* Begin PBXNativeTarget section */
		495177842A429D760008345B /* MockProjectObjectiveC */ = {
			isa = PBXNativeTarget;
			buildConfigurationList = 4951779E2A429D780008345B /* Build configuration list for PBXNativeTarget "MockProjectObjectiveC" */;
			buildPhases = (
				BE242786C658EF87F640AD9E /* [CP] Check Pods Manifest.lock */,
				495177812A429D760008345B /* Sources */,
				495177822A429D760008345B /* Frameworks */,
				495177832A429D760008345B /* Resources */,
				7EE4F73F2CA1F5C73201E6E7 /* [CP] Embed Pods Frameworks */,
			);
			buildRules = (
			);
			dependencies = (
			);
			name = MockProjectObjectiveC;
			productName = MockProjectObjectiveC;
			productReference = 495177852A429D760008345B /* MockProjectObjectiveC.app */;
			productType = "com.apple.product-type.application";
		};
/* End PBXNativeTarget section */

/* Begin PBXProject section */
		4951777D2A429D760008345B /* Project object */ = {
			isa = PBXProject;
			attributes = {
				BuildIndependentTargetsInParallel = 1;
				LastUpgradeCheck = 1420;
				TargetAttributes = {
					495177842A429D760008345B = {
						CreatedOnToolsVersion = 14.2;
						LastSwiftMigration = 1420;
					};
				};
			};
			buildConfigurationList = 495177802A429D760008345B /* Build configuration list for PBXProject "MockProjectObjectiveC" */;
			compatibilityVersion = "Xcode 14.0";
			developmentRegion = en;
			hasScannedForEncodings = 0;
			knownRegions = (
				en,
				Base,
			);
			mainGroup = 4951777C2A429D760008345B;
			productRefGroup = 495177862A429D760008345B /* Products */;
			projectDirPath = "";
			projectRoot = "";
			targets = (
				495177842A429D760008345B /* MockProjectObjectiveC */,
			);
		};
/* End PBXProject section */

/* Begin PBXResourcesBuildPhase section */
		495177832A429D760008345B /* Resources */ = {
			isa = PBXResourcesBuildPhase;
			buildActionMask = 2147483647;
			files = (
				493953F22A60EE7300ADED5F /* SLFavoritesTableViewCell.xib in Resources */,
				495177982A429D780008345B /* LaunchScreen.storyboard in Resources */,
				494952E42A7258C600FE5095 /* SLShowAllRemindersViewController.xib in Resources */,
				49B360002A6FC29600824A38 /* SLEditProfileViewController.xib in Resources */,
				490E49C92A5403030003FB87 /* SLDetailMoviesViewController.xib in Resources */,
				495177B02A42A01A0008345B /* SLSettingsViewController.xib in Resources */,
				495177952A429D780008345B /* Assets.xcassets in Resources */,
				49C646822A49DE0C00DE53FB /* SLLeftMenuViewController.xib in Resources */,
				494952F62A736C2300FE5095 /* SLFilterSeekbarTableViewCell.xib in Resources */,
				49274E4F2A70FFD100396C98 /* SLRemindersCollectionViewCell.xib in Resources */,
				490E49E12A5663DF0003FB87 /* SLCastAndCrewCollectionViewCell.xib in Resources */,
				49274E602A7225E100396C98 /* SLShowAllRemindersTableViewCell.xib in Resources */,
				490E49C32A53C7550003FB87 /* SLMoviesCollectionViewCell.xib in Resources */,
				495177BF2A42A0550008345B /* SLAboutViewController.xib in Resources */,
				49D5A7232A4C1E1E0029A12F /* SLMoviesTableViewCell.xib in Resources */,
			);
			runOnlyForDeploymentPostprocessing = 0;
		};
/* End PBXResourcesBuildPhase section */

/* Begin PBXShellScriptBuildPhase section */
		7EE4F73F2CA1F5C73201E6E7 /* [CP] Embed Pods Frameworks */ = {
			isa = PBXShellScriptBuildPhase;
			buildActionMask = 2147483647;
			files = (
			);
			inputFileListPaths = (
				"${PODS_ROOT}/Target Support Files/Pods-MockProjectObjectiveC/Pods-MockProjectObjectiveC-frameworks-${CONFIGURATION}-input-files.xcfilelist",
			);
			name = "[CP] Embed Pods Frameworks";
			outputFileListPaths = (
				"${PODS_ROOT}/Target Support Files/Pods-MockProjectObjectiveC/Pods-MockProjectObjectiveC-frameworks-${CONFIGURATION}-output-files.xcfilelist",
			);
			runOnlyForDeploymentPostprocessing = 0;
			shellPath = /bin/sh;
			shellScript = "\"${PODS_ROOT}/Target Support Files/Pods-MockProjectObjectiveC/Pods-MockProjectObjectiveC-frameworks.sh\"\n";
			showEnvVarsInLog = 0;
		};
		BE242786C658EF87F640AD9E /* [CP] Check Pods Manifest.lock */ = {
			isa = PBXShellScriptBuildPhase;
			buildActionMask = 2147483647;
			files = (
			);
			inputFileListPaths = (
			);
			inputPaths = (
				"${PODS_PODFILE_DIR_PATH}/Podfile.lock",
				"${PODS_ROOT}/Manifest.lock",
			);
			name = "[CP] Check Pods Manifest.lock";
			outputFileListPaths = (
			);
			outputPaths = (
				"$(DERIVED_FILE_DIR)/Pods-MockProjectObjectiveC-checkManifestLockResult.txt",
			);
			runOnlyForDeploymentPostprocessing = 0;
			shellPath = /bin/sh;
			shellScript = "diff \"${PODS_PODFILE_DIR_PATH}/Podfile.lock\" \"${PODS_ROOT}/Manifest.lock\" > /dev/null\nif [ $? != 0 ] ; then\n    # print error to STDERR\n    echo \"error: The sandbox is not in sync with the Podfile.lock. Run 'pod install' or update your CocoaPods installation.\" >&2\n    exit 1\nfi\n# This output is used by Xcode 'outputs' to avoid re-running this script phase.\necho \"SUCCESS\" > \"${SCRIPT_OUTPUT_FILE_0}\"\n";
			showEnvVarsInLog = 0;
		};
/* End PBXShellScriptBuildPhase section */

/* Begin PBXSourcesBuildPhase section */
		495177812A429D760008345B /* Sources */ = {
			isa = PBXSourcesBuildPhase;
			buildActionMask = 2147483647;
			files = (
				49BCE7E02A5EA0AA008DFBCF /* SLFavoritesData.xcdatamodeld in Sources */,
				494952F52A736C2300FE5095 /* SLFilterSeekbarTableViewCell.m in Sources */,
				495177AF2A42A01A0008345B /* SLSettingsViewController.m in Sources */,
				49274E4E2A70FFD100396C98 /* SLRemindersCollectionViewCell.m in Sources */,
				491FC0D82A5FEA5A00832B77 /* CoreDataManager.m in Sources */,
				490E49E02A5663DF0003FB87 /* SLCastAndCrewCollectionViewCell.m in Sources */,
				495177B42A42A02D0008345B /* SLFavoritesViewController.m in Sources */,
				490E49DB2A565DF10003FB87 /* Crew.m in Sources */,
				493953EF2A60EA1800ADED5F /* SLFavoritesTableViewCell.m in Sources */,
				49274E5F2A7225E100396C98 /* SLShowAllRemindersTableViewCell.m in Sources */,
				494952F02A7368C700FE5095 /* Filter.m in Sources */,
				490D3A822A4C3F17007AF5F1 /* Configuration.m in Sources */,
				49D5A6F52A4ABF5B0029A12F /* SLBaseViewController.m in Sources */,
				49D5A7162A4BEE930029A12F /* SLMoviesTableView.m in Sources */,
				490E49D82A565DE00003FB87 /* Cast.m in Sources */,
				4951778A2A429D760008345B /* AppDelegate.m in Sources */,
				49D5A7222A4C1E1E0029A12F /* SLMoviesTableViewCell.m in Sources */,
				49D5A70A2A4B361E0029A12F /* NetworkManager.m in Sources */,
				49D5A71C2A4C13070029A12F /* SLMoviesCollectionView.m in Sources */,
				495177BE2A42A0550008345B /* SLAboutViewController.m in Sources */,
				494952ED2A7368AF00FE5095 /* Sort.m in Sources */,
				490D3A7F2A4C3982007AF5F1 /* Model.m in Sources */,
				4951779B2A429D780008345B /* main.m in Sources */,
				49B35FFF2A6FC29500824A38 /* SLEditProfileViewController.m in Sources */,
				4951778D2A429D760008345B /* SceneDelegate.m in Sources */,
				490E49C82A5403030003FB87 /* SLDetailMoviesViewController.m in Sources */,
				497439A52A49372C0036B76C /* SLTabbarController.m in Sources */,
				49C646812A49DE0C00DE53FB /* SLLeftMenuViewController.m in Sources */,
				495177B92A42A0400008345B /* SLMoviesViewController.m in Sources */,
				494952E32A7258C600FE5095 /* SLShowAllRemindersViewController.m in Sources */,
				490E49C22A53C7550003FB87 /* SLMoviesCollectionViewCell.m in Sources */,
				490E49CD2A5415440003FB87 /* Result.m in Sources */,
				490E49D12A565D3E0003FB87 /* CastAndCrew.m in Sources */,
			);
			runOnlyForDeploymentPostprocessing = 0;
		};
/* End PBXSourcesBuildPhase section */

/* Begin PBXVariantGroup section */
		495177962A429D780008345B /* LaunchScreen.storyboard */ = {
			isa = PBXVariantGroup;
			children = (
				495177972A429D780008345B /* Base */,
			);
			name = LaunchScreen.storyboard;
			sourceTree = "<group>";
		};
/* End PBXVariantGroup section */

/* Begin XCBuildConfiguration section */
		4951779C2A429D780008345B /* Debug */ = {
			isa = XCBuildConfiguration;
			buildSettings = {
				ALWAYS_SEARCH_USER_PATHS = NO;
				CLANG_ANALYZER_NONNULL = YES;
				CLANG_ANALYZER_NUMBER_OBJECT_CONVERSION = YES_AGGRESSIVE;
				CLANG_CXX_LANGUAGE_STANDARD = "gnu++20";
				CLANG_ENABLE_MODULES = YES;
				CLANG_ENABLE_OBJC_ARC = YES;
				CLANG_ENABLE_OBJC_WEAK = YES;
				CLANG_WARN_BLOCK_CAPTURE_AUTORELEASING = YES;
				CLANG_WARN_BOOL_CONVERSION = YES;
				CLANG_WARN_COMMA = YES;
				CLANG_WARN_CONSTANT_CONVERSION = YES;
				CLANG_WARN_DEPRECATED_OBJC_IMPLEMENTATIONS = YES;
				CLANG_WARN_DIRECT_OBJC_ISA_USAGE = YES_ERROR;
				CLANG_WARN_DOCUMENTATION_COMMENTS = YES;
				CLANG_WARN_EMPTY_BODY = YES;
				CLANG_WARN_ENUM_CONVERSION = YES;
				CLANG_WARN_INFINITE_RECURSION = YES;
				CLANG_WARN_INT_CONVERSION = YES;
				CLANG_WARN_NON_LITERAL_NULL_CONVERSION = YES;
				CLANG_WARN_OBJC_IMPLICIT_RETAIN_SELF = YES;
				CLANG_WARN_OBJC_LITERAL_CONVERSION = YES;
				CLANG_WARN_OBJC_ROOT_CLASS = YES_ERROR;
				CLANG_WARN_QUOTED_INCLUDE_IN_FRAMEWORK_HEADER = YES;
				CLANG_WARN_RANGE_LOOP_ANALYSIS = YES;
				CLANG_WARN_STRICT_PROTOTYPES = YES;
				CLANG_WARN_SUSPICIOUS_MOVE = YES;
				CLANG_WARN_UNGUARDED_AVAILABILITY = YES_AGGRESSIVE;
				CLANG_WARN_UNREACHABLE_CODE = YES;
				CLANG_WARN__DUPLICATE_METHOD_MATCH = YES;
				COPY_PHASE_STRIP = NO;
				DEBUG_INFORMATION_FORMAT = dwarf;
				ENABLE_STRICT_OBJC_MSGSEND = YES;
				ENABLE_TESTABILITY = YES;
				GCC_C_LANGUAGE_STANDARD = gnu11;
				GCC_DYNAMIC_NO_PIC = NO;
				GCC_NO_COMMON_BLOCKS = YES;
				GCC_OPTIMIZATION_LEVEL = 0;
				GCC_PREPROCESSOR_DEFINITIONS = (
					"DEBUG=1",
					"$(inherited)",
				);
				GCC_WARN_64_TO_32_BIT_CONVERSION = YES;
				GCC_WARN_ABOUT_RETURN_TYPE = YES_ERROR;
				GCC_WARN_UNDECLARED_SELECTOR = YES;
				GCC_WARN_UNINITIALIZED_AUTOS = YES_AGGRESSIVE;
				GCC_WARN_UNUSED_FUNCTION = YES;
				GCC_WARN_UNUSED_VARIABLE = YES;
				IPHONEOS_DEPLOYMENT_TARGET = 16.2;
				MTL_ENABLE_DEBUG_INFO = INCLUDE_SOURCE;
				MTL_FAST_MATH = YES;
				ONLY_ACTIVE_ARCH = YES;
				SDKROOT = iphoneos;
			};
			name = Debug;
		};
		4951779D2A429D780008345B /* Release */ = {
			isa = XCBuildConfiguration;
			buildSettings = {
				ALWAYS_SEARCH_USER_PATHS = NO;
				CLANG_ANALYZER_NONNULL = YES;
				CLANG_ANALYZER_NUMBER_OBJECT_CONVERSION = YES_AGGRESSIVE;
				CLANG_CXX_LANGUAGE_STANDARD = "gnu++20";
				CLANG_ENABLE_MODULES = YES;
				CLANG_ENABLE_OBJC_ARC = YES;
				CLANG_ENABLE_OBJC_WEAK = YES;
				CLANG_WARN_BLOCK_CAPTURE_AUTORELEASING = YES;
				CLANG_WARN_BOOL_CONVERSION = YES;
				CLANG_WARN_COMMA = YES;
				CLANG_WARN_CONSTANT_CONVERSION = YES;
				CLANG_WARN_DEPRECATED_OBJC_IMPLEMENTATIONS = YES;
				CLANG_WARN_DIRECT_OBJC_ISA_USAGE = YES_ERROR;
				CLANG_WARN_DOCUMENTATION_COMMENTS = YES;
				CLANG_WARN_EMPTY_BODY = YES;
				CLANG_WARN_ENUM_CONVERSION = YES;
				CLANG_WARN_INFINITE_RECURSION = YES;
				CLANG_WARN_INT_CONVERSION = YES;
				CLANG_WARN_NON_LITERAL_NULL_CONVERSION = YES;
				CLANG_WARN_OBJC_IMPLICIT_RETAIN_SELF = YES;
				CLANG_WARN_OBJC_LITERAL_CONVERSION = YES;
				CLANG_WARN_OBJC_ROOT_CLASS = YES_ERROR;
				CLANG_WARN_QUOTED_INCLUDE_IN_FRAMEWORK_HEADER = YES;
				CLANG_WARN_RANGE_LOOP_ANALYSIS = YES;
				CLANG_WARN_STRICT_PROTOTYPES = YES;
				CLANG_WARN_SUSPICIOUS_MOVE = YES;
				CLANG_WARN_UNGUARDED_AVAILABILITY = YES_AGGRESSIVE;
				CLANG_WARN_UNREACHABLE_CODE = YES;
				CLANG_WARN__DUPLICATE_METHOD_MATCH = YES;
				COPY_PHASE_STRIP = NO;
				DEBUG_INFORMATION_FORMAT = "dwarf-with-dsym";
				ENABLE_NS_ASSERTIONS = NO;
				ENABLE_STRICT_OBJC_MSGSEND = YES;
				GCC_C_LANGUAGE_STANDARD = gnu11;
				GCC_NO_COMMON_BLOCKS = YES;
				GCC_WARN_64_TO_32_BIT_CONVERSION = YES;
				GCC_WARN_ABOUT_RETURN_TYPE = YES_ERROR;
				GCC_WARN_UNDECLARED_SELECTOR = YES;
				GCC_WARN_UNINITIALIZED_AUTOS = YES_AGGRESSIVE;
				GCC_WARN_UNUSED_FUNCTION = YES;
				GCC_WARN_UNUSED_VARIABLE = YES;
				IPHONEOS_DEPLOYMENT_TARGET = 16.2;
				MTL_ENABLE_DEBUG_INFO = NO;
				MTL_FAST_MATH = YES;
				SDKROOT = iphoneos;
				VALIDATE_PRODUCT = YES;
			};
			name = Release;
		};
		4951779F2A429D780008345B /* Debug */ = {
			isa = XCBuildConfiguration;
			baseConfigurationReference = E80FB5E19580F86512AE98A7 /* Pods-MockProjectObjectiveC.debug.xcconfig */;
			buildSettings = {
				ASSETCATALOG_COMPILER_APPICON_NAME = AppIcon;
				ASSETCATALOG_COMPILER_GLOBAL_ACCENT_COLOR_NAME = AccentColor;
				CLANG_ENABLE_MODULES = YES;
				CODE_SIGN_STYLE = Automatic;
				CURRENT_PROJECT_VERSION = 1;
				EXCLUDED_ARCHS = "";
				GENERATE_INFOPLIST_FILE = YES;
				INFOPLIST_FILE = MockProjectObjectiveC/Info.plist;
				INFOPLIST_KEY_UIApplicationSupportsIndirectInputEvents = YES;
				INFOPLIST_KEY_UILaunchStoryboardName = LaunchScreen;
				INFOPLIST_KEY_UIMainStoryboardFile = "";
				INFOPLIST_KEY_UISupportedInterfaceOrientations_iPad = "UIInterfaceOrientationPortrait UIInterfaceOrientationPortraitUpsideDown UIInterfaceOrientationLandscapeLeft UIInterfaceOrientationLandscapeRight";
				INFOPLIST_KEY_UISupportedInterfaceOrientations_iPhone = "UIInterfaceOrientationPortrait UIInterfaceOrientationLandscapeLeft UIInterfaceOrientationLandscapeRight";
				LD_RUNPATH_SEARCH_PATHS = (
					"$(inherited)",
					"@executable_path/Frameworks",
				);
				MARKETING_VERSION = 1.0;
				PRODUCT_BUNDLE_IDENTIFIER = "-1.MockProjectObjectiveC";
				PRODUCT_NAME = "$(TARGET_NAME)";
				SWIFT_EMIT_LOC_STRINGS = YES;
				SWIFT_OBJC_BRIDGING_HEADER = "MockProjectObjectiveC-Bridging-Header.h";
				SWIFT_OPTIMIZATION_LEVEL = "-Onone";
				SWIFT_VERSION = 5.0;
				TARGETED_DEVICE_FAMILY = "1,2";
			};
			name = Debug;
		};
		495177A02A429D780008345B /* Release */ = {
			isa = XCBuildConfiguration;
			baseConfigurationReference = 96A57E4E8101C04CB3CC9B90 /* Pods-MockProjectObjectiveC.release.xcconfig */;
			buildSettings = {
				ASSETCATALOG_COMPILER_APPICON_NAME = AppIcon;
				ASSETCATALOG_COMPILER_GLOBAL_ACCENT_COLOR_NAME = AccentColor;
				CLANG_ENABLE_MODULES = YES;
				CODE_SIGN_STYLE = Automatic;
				CURRENT_PROJECT_VERSION = 1;
				GENERATE_INFOPLIST_FILE = YES;
				INFOPLIST_FILE = MockProjectObjectiveC/Info.plist;
				INFOPLIST_KEY_UIApplicationSupportsIndirectInputEvents = YES;
				INFOPLIST_KEY_UILaunchStoryboardName = LaunchScreen;
				INFOPLIST_KEY_UIMainStoryboardFile = "";
				INFOPLIST_KEY_UISupportedInterfaceOrientations_iPad = "UIInterfaceOrientationPortrait UIInterfaceOrientationPortraitUpsideDown UIInterfaceOrientationLandscapeLeft UIInterfaceOrientationLandscapeRight";
				INFOPLIST_KEY_UISupportedInterfaceOrientations_iPhone = "UIInterfaceOrientationPortrait UIInterfaceOrientationLandscapeLeft UIInterfaceOrientationLandscapeRight";
				LD_RUNPATH_SEARCH_PATHS = (
					"$(inherited)",
					"@executable_path/Frameworks",
				);
				MARKETING_VERSION = 1.0;
				PRODUCT_BUNDLE_IDENTIFIER = "-1.MockProjectObjectiveC";
				PRODUCT_NAME = "$(TARGET_NAME)";
				SWIFT_EMIT_LOC_STRINGS = YES;
				SWIFT_OBJC_BRIDGING_HEADER = "MockProjectObjectiveC-Bridging-Header.h";
				SWIFT_VERSION = 5.0;
				TARGETED_DEVICE_FAMILY = "1,2";
			};
			name = Release;
		};
/* End XCBuildConfiguration section */

/* Begin XCConfigurationList section */
		495177802A429D760008345B /* Build configuration list for PBXProject "MockProjectObjectiveC" */ = {
			isa = XCConfigurationList;
			buildConfigurations = (
				4951779C2A429D780008345B /* Debug */,
				4951779D2A429D780008345B /* Release */,
			);
			defaultConfigurationIsVisible = 0;
			defaultConfigurationName = Release;
		};
		4951779E2A429D780008345B /* Build configuration list for PBXNativeTarget "MockProjectObjectiveC" */ = {
			isa = XCConfigurationList;
			buildConfigurations = (
				4951779F2A429D780008345B /* Debug */,
				495177A02A429D780008345B /* Release */,
			);
			defaultConfigurationIsVisible = 0;
			defaultConfigurationName = Release;
		};
/* End XCConfigurationList section */

/* Begin XCVersionGroup section */
		49BCE7DE2A5EA0AA008DFBCF /* SLFavoritesData.xcdatamodeld */ = {
			isa = XCVersionGroup;
			children = (
				49BCE7DF2A5EA0AA008DFBCF /* SLFavoritesData.xcdatamodel */,
			);
			currentVersion = 49BCE7DF2A5EA0AA008DFBCF /* SLFavoritesData.xcdatamodel */;
			path = SLFavoritesData.xcdatamodeld;
			sourceTree = "<group>";
			versionGroupType = wrapper.xcdatamodel;
		};
/* End XCVersionGroup section */
	};
	rootObject = 4951777D2A429D760008345B /* Project object */;
}
